# This file is automatically @generated by Poetry 2.1.1 and should not be changed by hand.

[[package]]
name = "flake8"
version = "7.2.0"
description = "the modular source code checker: pep8 pyflakes and co"
optional = false
python-versions = ">=3.9"
groups = ["dev"]
files = [
    {file = "flake8-7.2.0-py2.py3-none-any.whl", hash = "sha256:93b92ba5bdb60754a6da14fa3b93a9361fd00a59632ada61fd7b130436c40343"},
    {file = "flake8-7.2.0.tar.gz", hash = "sha256:fa558ae3f6f7dbf2b4f22663e5343b6b6023620461f8d4ff2019ef4b5ee70426"},
]

[package.dependencies]
mccabe = ">=0.7.0,<0.8.0"
pycodestyle = ">=2.13.0,<2.14.0"
pyflakes = ">=3.3.0,<3.4.0"

[[package]]
name = "flake8-quotes"
version = "3.4.0"
description = "Flake8 lint for quotes."
optional = false
python-versions = "*"
groups = ["dev"]
files = [
    {file = "flake8-quotes-3.4.0.tar.gz", hash = "sha256:aad8492fb710a2d3eabe68c5f86a1428de650c8484127e14c43d0504ba30276c"},
]

[package.dependencies]
flake8 = "*"
setuptools = "*"

[[package]]
name = "mccabe"
version = "0.7.0"
description = "McCabe checker, plugin for flake8"
optional = false
python-versions = ">=3.6"
groups = ["dev"]
files = [
    {file = "mccabe-0.7.0-py2.py3-none-any.whl", hash = "sha256:6c2d30ab6be0e4a46919781807b4f0d834ebdd6c6e3dca0bda5a15f863427b6e"},
    {file = "mccabe-0.7.0.tar.gz", hash = "sha256:348e0240c33b60bbdf4e523192ef919f28cb2c3d7d5c7794f74009290f236325"},
]

[[package]]
name = "pycodestyle"
version = "2.13.0"
description = "Python style guide checker"
optional = false
python-versions = ">=3.9"
groups = ["dev"]
files = [
    {file = "pycodestyle-2.13.0-py2.py3-none-any.whl", hash = "sha256:35863c5974a271c7a726ed228a14a4f6daf49df369d8c50cd9a6f58a5e143ba9"},
    {file = "pycodestyle-2.13.0.tar.gz", hash = "sha256:c8415bf09abe81d9c7f872502a6eee881fbe85d8763dd5b9924bb0a01d67efae"},
]

[[package]]
name = "pyflakes"
version = "3.3.1"
description = "passive checker of Python programs"
optional = false
python-versions = ">=3.9"
groups = ["dev"]
files = [
    {file = "pyflakes-3.3.1-py2.py3-none-any.whl", hash = "sha256:af4d63344d478524956e9950a9ae11da51414622479b8c148647fe9722e96837"},
    {file = "pyflakes-3.3.1.tar.gz", hash = "sha256:8752eee11d4ef3a4be642d774863047864b47406cba906fabf8dd892cf98d5b3"},
]

[[package]]
name = "setuptools"
version = "78.1.1"
description = "Easily download, build, install, upgrade, and uninstall Python packages"
optional = false
python-versions = ">=3.9"
groups = ["dev"]
files = [
    {file = "setuptools-78.1.1-py3-none-any.whl", hash = "sha256:c3a9c4211ff4c309edb8b8c4f1cbfa7ae324c4ba9f91ff254e3d305b9fd54561"},
    {file = "setuptools-78.1.1.tar.gz", hash = "sha256:fcc17fd9cd898242f6b4adfaca46137a9edef687f43e6f78469692a5e70d851d"},
]

[package.extras]
check = ["pytest-checkdocs (>=2.4)", "pytest-ruff (>=0.2.1) ; sys_platform != \"cygwin\"", "ruff (>=0.8.0) ; sys_platform != \"cygwin\""]
core = ["importlib_metadata (>=6) ; python_version < \"3.10\"", "jaraco.functools (>=4)", "jaraco.text (>=3.7)", "more_itertools", "more_itertools (>=8.8)", "packaging (>=24.2)", "platformdirs (>=4.2.2)", "tomli (>=2.0.1) ; python_version < \"3.11\"", "wheel (>=0.43.0)"]
cover = ["pytest-cov"]
doc = ["furo", "jaraco.packaging (>=9.3)", "jaraco.tidelift (>=1.4)", "pygments-github-lexers (==0.0.5)", "pyproject-hooks (!=1.1)", "rst.linker (>=1.9)", "sphinx (>=3.5)", "sphinx-favicon", "sphinx-inline-tabs", "sphinx-lint", "sphinx-notfound-page (>=1,<2)", "sphinx-reredirects", "sphinxcontrib-towncrier", "towncrier (<24.7)"]
enabler = ["pytest-enabler (>=2.2)"]
test = ["build[virtualenv] (>=1.0.3)", "filelock (>=3.4.0)", "ini2toml[lite] (>=0.14)", "jaraco.develop (>=7.21) ; python_version >= \"3.9\" and sys_platform != \"cygwin\"", "jaraco.envs (>=2.2)", "jaraco.path (>=3.7.2)", "jaraco.test (>=5.5)", "packaging (>=24.2)", "pip (>=19.1)", "pyproject-hooks (!=1.1)", "pytest (>=6,!=8.1.*)", "pytest-home (>=0.5)", "pytest-perf ; sys_platform != \"cygwin\"", "pytest-subprocess", "pytest-timeout", "pytest-xdist (>=3)", "tomli-w (>=1.0.0)", "virtualenv (>=13.0.0)", "wheel (>=0.44.0)"]
type = ["importlib_metadata (>=7.0.2) ; python_version < \"3.10\"", "jaraco.develop (>=7.21) ; sys_platform != \"cygwin\"", "mypy (==1.14.*)", "pytest-mypy"]

[metadata]
lock-version = "2.1"
python-versions = "^3.11"
content-hash = "634df65f3138e46b359e073e7683120e374b5414a4ce3d1c20dd4e0a7e4ca476"
